
Microsoft Visual Studio Solution File, Format Version 11.00
# Visual Studio 2010
Project("{FAE04EC0-301F-11D3-BF4B-00C04F79EFBC}") = "WebCamCapture", "WebCamCapture\WebCamCapture.csproj", "{35769EBF-AE3D-43E8-BB2A-686070213285}"
EndProject
Project("{FAE04EC0-301F-11D3-BF4B-00C04F79EFBC}") = "WebCamCapture.Web", "WebCamCapture.Web\WebCamCapture.Web.csproj", "{75716C7C-8A26-4279-9430-50867FA45229}"
EndProject
Global
	GlobalSection(SolutionConfigurationPlatforms) = preSolution
		Debug|Any CPU = Debug|Any CPU
		Release|Any CPU = Release|Any CPU
	EndGlobalSection
	GlobalSection(ProjectConfigurationPlatforms) = postSolution
		{35769EBF-AE3D-43E8-BB2A-686070213285}.Debug|Any CPU.ActiveCfg = Debug|Any CPU
		{35769EBF-AE3D-43E8-BB2A-686070213285}.Debug|Any CPU.Build.0 = Debug|Any CPU
		{35769EBF-AE3D-43E8-BB2A-686070213285}.Release|Any CPU.ActiveCfg = Release|Any CPU
		{35769EBF-AE3D-43E8-BB2A-686070213285}.Release|Any CPU.Build.0 = Release|Any CPU
		{75716C7C-8A26-4279-9430-50867FA45229}.Debug|Any CPU.ActiveCfg = Debug|Any CPU
		{75716C7C-8A26-4279-9430-50867FA45229}.Debug|Any CPU.Build.0 = Debug|Any CPU
		{75716C7C-8A26-4279-9430-50867FA45229}.Release|Any CPU.ActiveCfg = Release|Any CPU
		{75716C7C-8A26-4279-9430-50867FA45229}.Release|Any CPU.Build.0 = Release|Any CPU
	EndGlobalSection
	GlobalSection(SolutionProperties) = preSolution
		HideSolutionNode = FALSE
	EndGlobalSection
EndGlobal
