
Microsoft Visual Studio Solution File, Format Version 11.00
# Visual Studio 2010
Project("{FAE04EC0-301F-11D3-BF4B-00C04F79EFBC}") = "InAndOutOfBrowser", "InAndOutOfBrowser\InAndOutOfBrowser.csproj", "{3D261E54-D3C5-448E-89AE-C5C6BC16F1F9}"
EndProject
Project("{FAE04EC0-301F-11D3-BF4B-00C04F79EFBC}") = "InAndOutOfBrowser.Web", "InAndOutOfBrowser.Web\InAndOutOfBrowser.Web.csproj", "{D92ECFA0-F99F-41A4-AFF7-B8ABC7C8ED15}"
EndProject
Global
	GlobalSection(SolutionConfigurationPlatforms) = preSolution
		Debug|Any CPU = Debug|Any CPU
		Release|Any CPU = Release|Any CPU
	EndGlobalSection
	GlobalSection(ProjectConfigurationPlatforms) = postSolution
		{3D261E54-D3C5-448E-89AE-C5C6BC16F1F9}.Debug|Any CPU.ActiveCfg = Debug|Any CPU
		{3D261E54-D3C5-448E-89AE-C5C6BC16F1F9}.Debug|Any CPU.Build.0 = Debug|Any CPU
		{3D261E54-D3C5-448E-89AE-C5C6BC16F1F9}.Release|Any CPU.ActiveCfg = Release|Any CPU
		{3D261E54-D3C5-448E-89AE-C5C6BC16F1F9}.Release|Any CPU.Build.0 = Release|Any CPU
		{D92ECFA0-F99F-41A4-AFF7-B8ABC7C8ED15}.Debug|Any CPU.ActiveCfg = Debug|Any CPU
		{D92ECFA0-F99F-41A4-AFF7-B8ABC7C8ED15}.Debug|Any CPU.Build.0 = Debug|Any CPU
		{D92ECFA0-F99F-41A4-AFF7-B8ABC7C8ED15}.Release|Any CPU.ActiveCfg = Release|Any CPU
		{D92ECFA0-F99F-41A4-AFF7-B8ABC7C8ED15}.Release|Any CPU.Build.0 = Release|Any CPU
	EndGlobalSection
	GlobalSection(SolutionProperties) = preSolution
		HideSolutionNode = FALSE
	EndGlobalSection
EndGlobal
