
Microsoft Visual Studio Solution File, Format Version 11.00
# Visual Studio 2010
Project("{FAE04EC0-301F-11D3-BF4B-00C04F79EFBC}") = "VideoCapture.Web", "VideoCapture.Web\VideoCapture.Web.csproj", "{3ED12A88-93F3-4B55-92A6-E17F5E973B8C}"
EndProject
Project("{FAE04EC0-301F-11D3-BF4B-00C04F79EFBC}") = "VideoCapture.Silverlight", "VideoCapture.Silverlight\VideoCapture.Silverlight.csproj", "{48D4797F-F95B-436F-AB27-58760220CEE3}"
EndProject
Global
	GlobalSection(SolutionConfigurationPlatforms) = preSolution
		Debug|Any CPU = Debug|Any CPU
		Release|Any CPU = Release|Any CPU
	EndGlobalSection
	GlobalSection(ProjectConfigurationPlatforms) = postSolution
		{3ED12A88-93F3-4B55-92A6-E17F5E973B8C}.Debug|Any CPU.ActiveCfg = Debug|Any CPU
		{3ED12A88-93F3-4B55-92A6-E17F5E973B8C}.Debug|Any CPU.Build.0 = Debug|Any CPU
		{3ED12A88-93F3-4B55-92A6-E17F5E973B8C}.Release|Any CPU.ActiveCfg = Release|Any CPU
		{3ED12A88-93F3-4B55-92A6-E17F5E973B8C}.Release|Any CPU.Build.0 = Release|Any CPU
		{48D4797F-F95B-436F-AB27-58760220CEE3}.Debug|Any CPU.ActiveCfg = Debug|Any CPU
		{48D4797F-F95B-436F-AB27-58760220CEE3}.Debug|Any CPU.Build.0 = Debug|Any CPU
		{48D4797F-F95B-436F-AB27-58760220CEE3}.Release|Any CPU.ActiveCfg = Release|Any CPU
		{48D4797F-F95B-436F-AB27-58760220CEE3}.Release|Any CPU.Build.0 = Release|Any CPU
	EndGlobalSection
	GlobalSection(SolutionProperties) = preSolution
		HideSolutionNode = FALSE
	EndGlobalSection
EndGlobal
